# THIS IS AN AUTOGENERATED FILE. DO NOT EDIT THIS FILE DIRECTLY.
# yarn lockfile v1


"@grpc/grpc-js@^0.2.0":
  version "0.2.0"
  resolved "https://registry.yarnpkg.com/@grpc/grpc-js/-/grpc-js-0.2.0.tgz#841b91cd91debdc52ad8414d29d66ba3fe2b184e"
  integrity sha512-89xjKxo3iuc8Gsln3brtXfTUV8H2UPzWBEJ/iVD1YlSqp+LomEC1L700/PwyWRCX4rdJnOpuv4RCGE8zrOSlyA==
  dependencies:
    lodash "^4.17.4"

google-protobuf@^3.6.1:
  version "3.6.1"
  resolved "https://registry.yarnpkg.com/google-protobuf/-/google-protobuf-3.6.1.tgz#7ef58e2bea137a93cdaf5cfd5afa5f6abdd92025"
  integrity sha512-SJYemeX5GjDLPnadcmCNQePQHCS4Hl5fOcI/JawqDIYFhCmrtYAjcx/oTQx/Wi8UuCuZQhfvftbmPePPAYHFtA==

iso-639-1@^2.0.3:
  version "2.0.3"
  resolved "https://registry.yarnpkg.com/iso-639-1/-/iso-639-1-2.0.3.tgz#72dd3448ac5629c271628c5ac566369428d6ccd0"
  integrity sha512-PZhOTDH05ZLJyCqxAH65EzGaLO801KCvoEahAFoiqlp2HmnGUm8sO19KwWPCiWd3odjmoYd9ytzk2WtVYgWyCg==

lodash@^4.17.4:
  version "4.17.21"
  resolved "https://registry.yarnpkg.com/lodash/-/lodash-4.17.21.tgz#679591c564c3bffaae8454cf0b3df370c3d6911c"
  integrity sha512-v2kDEe57lecTulaDIuNTPy3Ry4gLGJ6Z1O3vE1krgXZNrsQ+LFTGHVxVjcXPs17LhbZVGedAJv8XZ1tvj5FvSg==

sagi-api@^0.0.18:
  version "0.0.18"
  resolved "https://registry.yarnpkg.com/sagi-api/-/sagi-api-0.0.18.tgz#7074faa3a422bb111ad9d66313512309403f2c9f"
  integrity sha512-cqzVWlUszBJYRcVGB24AoauoUYJnKqRDG6MV34h+OH4P7nDk7MI03vrTHlP1Fv16NYMhlb8Wzyy3rX2n40LOcw==
